
Microsoft Visual Studio Solution File, Format Version 12.00
# Visual Studio Version 17
VisualStudioVersion = 17.9.34728.123
MinimumVisualStudioVersion = 10.0.40219.1
Project("{FAE04EC0-301F-11D3-BF4B-00C04F79EFBC}") = "TEDU", "TEDU\TEDU.csproj", "{0E30A75F-344A-4075-8DF1-7A59BDA0A054}"
EndProject
Global
	GlobalSection(SolutionConfigurationPlatforms) = preSolution
		Debug|Any CPU = Debug|Any CPU
		Release|Any CPU = Release|Any CPU
	EndGlobalSection
	GlobalSection(ProjectConfigurationPlatforms) = postSolution
		{0E30A75F-344A-4075-8DF1-7A59BDA0A054}.Debug|Any CPU.ActiveCfg = Debug|Any CPU
		{0E30A75F-344A-4075-8DF1-7A59BDA0A054}.Debug|Any CPU.Build.0 = Debug|Any CPU
		{0E30A75F-344A-4075-8DF1-7A59BDA0A054}.Release|Any CPU.ActiveCfg = Release|Any CPU
		{0E30A75F-344A-4075-8DF1-7A59BDA0A054}.Release|Any CPU.Build.0 = Release|Any CPU
	EndGlobalSection
	GlobalSection(SolutionProperties) = preSolution
		HideSolutionNode = FALSE
	EndGlobalSection
	GlobalSection(ExtensibilityGlobals) = postSolution
		SolutionGuid = {12C3F9C3-64CA-4C5F-B205-DA8C759DEA3B}
	EndGlobalSection
EndGlobal
